
Microsoft Visual Studio Solution File, Format Version 12.00
# Visual Studio 15
VisualStudioVersion = 15.0.26430.14
MinimumVisualStudioVersion = 10.0.40219.1
Project("{CC5FD16D-436D-48AD-A40C-5A424C6E3E79}") = "AzureCloudService-ldlm", "AzureCloudService-ldlm\AzureCloudService-ldlm.ccproj", "{AA57F80C-1D4E-4440-A0D8-58E1EB7030E1}"
EndProject
Project("{FAE04EC0-301F-11D3-BF4B-00C04F79EFBC}") = "Consumidor", "Consumidor\Consumidor.csproj", "{AC2B5496-DCAE-46DF-9982-8F9DE274FE7D}"
EndProject
Project("{FAE04EC0-301F-11D3-BF4B-00C04F79EFBC}") = "Produtor", "Produtor\Produtor.csproj", "{857FB5E9-4FCE-4EAC-B8E9-699B0E69BBCA}"
EndProject
Global
	GlobalSection(SolutionConfigurationPlatforms) = preSolution
		Debug|Any CPU = Debug|Any CPU
		Release|Any CPU = Release|Any CPU
	EndGlobalSection
	GlobalSection(ProjectConfigurationPlatforms) = postSolution
		{AA57F80C-1D4E-4440-A0D8-58E1EB7030E1}.Debug|Any CPU.ActiveCfg = Debug|Any CPU
		{AA57F80C-1D4E-4440-A0D8-58E1EB7030E1}.Debug|Any CPU.Build.0 = Debug|Any CPU
		{AA57F80C-1D4E-4440-A0D8-58E1EB7030E1}.Release|Any CPU.ActiveCfg = Release|Any CPU
		{AA57F80C-1D4E-4440-A0D8-58E1EB7030E1}.Release|Any CPU.Build.0 = Release|Any CPU
		{AC2B5496-DCAE-46DF-9982-8F9DE274FE7D}.Debug|Any CPU.ActiveCfg = Debug|Any CPU
		{AC2B5496-DCAE-46DF-9982-8F9DE274FE7D}.Debug|Any CPU.Build.0 = Debug|Any CPU
		{AC2B5496-DCAE-46DF-9982-8F9DE274FE7D}.Release|Any CPU.ActiveCfg = Release|Any CPU
		{AC2B5496-DCAE-46DF-9982-8F9DE274FE7D}.Release|Any CPU.Build.0 = Release|Any CPU
		{857FB5E9-4FCE-4EAC-B8E9-699B0E69BBCA}.Debug|Any CPU.ActiveCfg = Debug|Any CPU
		{857FB5E9-4FCE-4EAC-B8E9-699B0E69BBCA}.Debug|Any CPU.Build.0 = Debug|Any CPU
		{857FB5E9-4FCE-4EAC-B8E9-699B0E69BBCA}.Release|Any CPU.ActiveCfg = Release|Any CPU
		{857FB5E9-4FCE-4EAC-B8E9-699B0E69BBCA}.Release|Any CPU.Build.0 = Release|Any CPU
	EndGlobalSection
	GlobalSection(SolutionProperties) = preSolution
		HideSolutionNode = FALSE
	EndGlobalSection
EndGlobal
